
Microsoft Visual Studio Solution File, Format Version 12.00
# Visual Studio 15
VisualStudioVersion = 15.0.27703.2042
MinimumVisualStudioVersion = 10.0.40219.1
Project("{FAE04EC0-301F-11D3-BF4B-00C04F79EFBC}") = "MindbodyStar", "MindbodyStar\MindbodyStar.csproj", "{6C84C9AD-3D59-4E0F-B8A3-B982FAD79E48}"
EndProject
Project("{FAE04EC0-301F-11D3-BF4B-00C04F79EFBC}") = "MindbodyStar.Tests", "MindbodyStar.Tests\MindbodyStar.Tests.csproj", "{921A4B0E-D952-4DB5-B747-2C7BC4EC0588}"
EndProject
Global
	GlobalSection(SolutionConfigurationPlatforms) = preSolution
		Debug|Any CPU = Debug|Any CPU
		Release|Any CPU = Release|Any CPU
	EndGlobalSection
	GlobalSection(ProjectConfigurationPlatforms) = postSolution
		{6C84C9AD-3D59-4E0F-B8A3-B982FAD79E48}.Debug|Any CPU.ActiveCfg = Debug|Any CPU
		{6C84C9AD-3D59-4E0F-B8A3-B982FAD79E48}.Debug|Any CPU.Build.0 = Debug|Any CPU
		{6C84C9AD-3D59-4E0F-B8A3-B982FAD79E48}.Release|Any CPU.ActiveCfg = Release|Any CPU
		{6C84C9AD-3D59-4E0F-B8A3-B982FAD79E48}.Release|Any CPU.Build.0 = Release|Any CPU
		{921A4B0E-D952-4DB5-B747-2C7BC4EC0588}.Debug|Any CPU.ActiveCfg = Debug|Any CPU
		{921A4B0E-D952-4DB5-B747-2C7BC4EC0588}.Debug|Any CPU.Build.0 = Debug|Any CPU
		{921A4B0E-D952-4DB5-B747-2C7BC4EC0588}.Release|Any CPU.ActiveCfg = Release|Any CPU
		{921A4B0E-D952-4DB5-B747-2C7BC4EC0588}.Release|Any CPU.Build.0 = Release|Any CPU
	EndGlobalSection
	GlobalSection(SolutionProperties) = preSolution
		HideSolutionNode = FALSE
	EndGlobalSection
	GlobalSection(ExtensibilityGlobals) = postSolution
		SolutionGuid = {04505A29-9676-49DA-808D-9862619EA5D9}
	EndGlobalSection
EndGlobal
